
Microsoft Visual Studio Solution File, Format Version 12.00
# Visual Studio 15
VisualStudioVersion = 15.0.26421.1
MinimumVisualStudioVersion = 10.0.40219.1
Project("{FAE04EC0-301F-11D3-BF4B-00C04F79EFBC}") = "App_Net461", "App_Net461\App_Net461.csproj", "{518D012A-836C-4774-9D69-791AC9E43E46}"
EndProject
Project("{FAE04EC0-301F-11D3-BF4B-00C04F79EFBC}") = "App_Uwp", "App_Uwp\App_Uwp.csproj", "{734484AC-D15E-40E5-B1C2-6297F73A09D9}"
EndProject
Project("{9A19103F-16F7-4668-BE54-9A1E7A4F7556}") = "Gps", "Gps\Gps.csproj", "{11E78512-8D75-48BD-8371-9A5F1557D751}"
EndProject
Global
	GlobalSection(SolutionConfigurationPlatforms) = preSolution
		Debug|Any CPU = Debug|Any CPU
		Debug|ARM = Debug|ARM
		Debug|x64 = Debug|x64
		Debug|x86 = Debug|x86
		Release|Any CPU = Release|Any CPU
		Release|ARM = Release|ARM
		Release|x64 = Release|x64
		Release|x86 = Release|x86
	EndGlobalSection
	GlobalSection(ProjectConfigurationPlatforms) = postSolution
		{518D012A-836C-4774-9D69-791AC9E43E46}.Debug|Any CPU.ActiveCfg = Debug|Any CPU
		{518D012A-836C-4774-9D69-791AC9E43E46}.Debug|Any CPU.Build.0 = Debug|Any CPU
		{518D012A-836C-4774-9D69-791AC9E43E46}.Debug|ARM.ActiveCfg = Debug|Any CPU
		{518D012A-836C-4774-9D69-791AC9E43E46}.Debug|ARM.Build.0 = Debug|Any CPU
		{518D012A-836C-4774-9D69-791AC9E43E46}.Debug|x64.ActiveCfg = Debug|Any CPU
		{518D012A-836C-4774-9D69-791AC9E43E46}.Debug|x64.Build.0 = Debug|Any CPU
		{518D012A-836C-4774-9D69-791AC9E43E46}.Debug|x86.ActiveCfg = Debug|Any CPU
		{518D012A-836C-4774-9D69-791AC9E43E46}.Debug|x86.Build.0 = Debug|Any CPU
		{518D012A-836C-4774-9D69-791AC9E43E46}.Release|Any CPU.ActiveCfg = Release|Any CPU
		{518D012A-836C-4774-9D69-791AC9E43E46}.Release|Any CPU.Build.0 = Release|Any CPU
		{518D012A-836C-4774-9D69-791AC9E43E46}.Release|ARM.ActiveCfg = Release|Any CPU
		{518D012A-836C-4774-9D69-791AC9E43E46}.Release|ARM.Build.0 = Release|Any CPU
		{518D012A-836C-4774-9D69-791AC9E43E46}.Release|x64.ActiveCfg = Release|Any CPU
		{518D012A-836C-4774-9D69-791AC9E43E46}.Release|x64.Build.0 = Release|Any CPU
		{518D012A-836C-4774-9D69-791AC9E43E46}.Release|x86.ActiveCfg = Release|Any CPU
		{518D012A-836C-4774-9D69-791AC9E43E46}.Release|x86.Build.0 = Release|Any CPU
		{734484AC-D15E-40E5-B1C2-6297F73A09D9}.Debug|Any CPU.ActiveCfg = Debug|x86
		{734484AC-D15E-40E5-B1C2-6297F73A09D9}.Debug|ARM.ActiveCfg = Debug|ARM
		{734484AC-D15E-40E5-B1C2-6297F73A09D9}.Debug|ARM.Build.0 = Debug|ARM
		{734484AC-D15E-40E5-B1C2-6297F73A09D9}.Debug|ARM.Deploy.0 = Debug|ARM
		{734484AC-D15E-40E5-B1C2-6297F73A09D9}.Debug|x64.ActiveCfg = Debug|x64
		{734484AC-D15E-40E5-B1C2-6297F73A09D9}.Debug|x64.Build.0 = Debug|x64
		{734484AC-D15E-40E5-B1C2-6297F73A09D9}.Debug|x64.Deploy.0 = Debug|x64
		{734484AC-D15E-40E5-B1C2-6297F73A09D9}.Debug|x86.ActiveCfg = Debug|x86
		{734484AC-D15E-40E5-B1C2-6297F73A09D9}.Debug|x86.Build.0 = Debug|x86
		{734484AC-D15E-40E5-B1C2-6297F73A09D9}.Debug|x86.Deploy.0 = Debug|x86
		{734484AC-D15E-40E5-B1C2-6297F73A09D9}.Release|Any CPU.ActiveCfg = Release|x86
		{734484AC-D15E-40E5-B1C2-6297F73A09D9}.Release|ARM.ActiveCfg = Release|ARM
		{734484AC-D15E-40E5-B1C2-6297F73A09D9}.Release|ARM.Build.0 = Release|ARM
		{734484AC-D15E-40E5-B1C2-6297F73A09D9}.Release|ARM.Deploy.0 = Release|ARM
		{734484AC-D15E-40E5-B1C2-6297F73A09D9}.Release|x64.ActiveCfg = Release|x64
		{734484AC-D15E-40E5-B1C2-6297F73A09D9}.Release|x64.Build.0 = Release|x64
		{734484AC-D15E-40E5-B1C2-6297F73A09D9}.Release|x64.Deploy.0 = Release|x64
		{734484AC-D15E-40E5-B1C2-6297F73A09D9}.Release|x86.ActiveCfg = Release|x86
		{734484AC-D15E-40E5-B1C2-6297F73A09D9}.Release|x86.Build.0 = Release|x86
		{734484AC-D15E-40E5-B1C2-6297F73A09D9}.Release|x86.Deploy.0 = Release|x86
		{11E78512-8D75-48BD-8371-9A5F1557D751}.Debug|Any CPU.ActiveCfg = Debug|Any CPU
		{11E78512-8D75-48BD-8371-9A5F1557D751}.Debug|Any CPU.Build.0 = Debug|Any CPU
		{11E78512-8D75-48BD-8371-9A5F1557D751}.Debug|ARM.ActiveCfg = Debug|Any CPU
		{11E78512-8D75-48BD-8371-9A5F1557D751}.Debug|ARM.Build.0 = Debug|Any CPU
		{11E78512-8D75-48BD-8371-9A5F1557D751}.Debug|x64.ActiveCfg = Debug|Any CPU
		{11E78512-8D75-48BD-8371-9A5F1557D751}.Debug|x64.Build.0 = Debug|Any CPU
		{11E78512-8D75-48BD-8371-9A5F1557D751}.Debug|x86.ActiveCfg = Debug|Any CPU
		{11E78512-8D75-48BD-8371-9A5F1557D751}.Debug|x86.Build.0 = Debug|Any CPU
		{11E78512-8D75-48BD-8371-9A5F1557D751}.Release|Any CPU.ActiveCfg = Release|Any CPU
		{11E78512-8D75-48BD-8371-9A5F1557D751}.Release|Any CPU.Build.0 = Release|Any CPU
		{11E78512-8D75-48BD-8371-9A5F1557D751}.Release|ARM.ActiveCfg = Release|Any CPU
		{11E78512-8D75-48BD-8371-9A5F1557D751}.Release|ARM.Build.0 = Release|Any CPU
		{11E78512-8D75-48BD-8371-9A5F1557D751}.Release|x64.ActiveCfg = Release|Any CPU
		{11E78512-8D75-48BD-8371-9A5F1557D751}.Release|x64.Build.0 = Release|Any CPU
		{11E78512-8D75-48BD-8371-9A5F1557D751}.Release|x86.ActiveCfg = Release|Any CPU
		{11E78512-8D75-48BD-8371-9A5F1557D751}.Release|x86.Build.0 = Release|Any CPU
	EndGlobalSection
	GlobalSection(SolutionProperties) = preSolution
		HideSolutionNode = FALSE
	EndGlobalSection
EndGlobal
